// !$*UTF8*$!
{
	archiveVersion = 1;
	classes = {
	};
	objectVersion = 56;
	objects = {

/* Begin PBXBuildFile section */
		183925AA2B7BF02700E606E4 /* RecipeSaverApp.swift in Sources */ = {isa = PBXBuildFile; fileRef = 183925A92B7BF02700E606E4 /* RecipeSaverApp.swift */; };
		183925AC2B7BF02700E606E4 /* ContentView.swift in Sources */ = {isa = PBXBuildFile; fileRef = 183925AB2B7BF02700E606E4 /* ContentView.swift */; };
		183925AE2B7BF02D00E606E4 /* Assets.xcassets in Resources */ = {isa = PBXBuildFile; fileRef = 183925AD2B7BF02D00E606E4 /* Assets.xcassets */; };
		183925B12B7BF02D00E606E4 /* Preview Assets.xcassets in Resources */ = {isa = PBXBuildFile; fileRef = 183925B02B7BF02D00E606E4 /* Preview Assets.xcassets */; };
		183925BD2B7BF1C300E606E4 /* HomeView.swift in Sources */ = {isa = PBXBuildFile; fileRef = 183925BC2B7BF1C300E606E4 /* HomeView.swift */; };
		183925BF2B7BF1D300E606E4 /* CategoriesView.swift in Sources */ = {isa = PBXBuildFile; fileRef = 183925BE2B7BF1D300E606E4 /* CategoriesView.swift */; };
		183925C22B7BF1F800E606E4 /* NewRecipeView.swift in Sources */ = {isa = PBXBuildFile; fileRef = 183925C12B7BF1F800E606E4 /* NewRecipeView.swift */; };
		183925C42B7BF20900E606E4 /* FavoritesView.swift in Sources */ = {isa = PBXBuildFile; fileRef = 183925C32B7BF20900E606E4 /* FavoritesView.swift */; };
		183925C62B7BF28600E606E4 /* SettingsView.swift in Sources */ = {isa = PBXBuildFile; fileRef = 183925C52B7BF28600E606E4 /* SettingsView.swift */; };
		183925C82B7BF4B000E606E4 /* TabBar.swift in Sources */ = {isa = PBXBuildFile; fileRef = 183925C72B7BF4B000E606E4 /* TabBar.swift */; };
		183925CE2B7BF75900E606E4 /* RecipeModel.swift in Sources */ = {isa = PBXBuildFile; fileRef = 183925CD2B7BF75900E606E4 /* RecipeModel.swift */; };
		183925D02B7C004000E606E4 /* RecipeCard.swift in Sources */ = {isa = PBXBuildFile; fileRef = 183925CF2B7C004000E606E4 /* RecipeCard.swift */; };
		183925D22B7C0DA900E606E4 /* RecipeList.swift in Sources */ = {isa = PBXBuildFile; fileRef = 183925D12B7C0DA900E606E4 /* RecipeList.swift */; };
		183925D52B7C100E00E606E4 /* RecipeView.swift in Sources */ = {isa = PBXBuildFile; fileRef = 183925D42B7C100E00E606E4 /* RecipeView.swift */; };
/* End PBXBuildFile section */

/* Begin PBXFileReference section */
		183925A62B7BF02700E606E4 /* RecipeSaver.app */ = {isa = PBXFileReference; explicitFileType = wrapper.application; includeInIndex = 0; path = RecipeSaver.app; sourceTree = BUILT_PRODUCTS_DIR; };
		183925A92B7BF02700E606E4 /* RecipeSaverApp.swift */ = {isa = PBXFileReference; lastKnownFileType = sourcecode.swift; path = RecipeSaverApp.swift; sourceTree = "<group>"; };
		183925AB2B7BF02700E606E4 /* ContentView.swift */ = {isa = PBXFileReference; lastKnownFileType = sourcecode.swift; path = ContentView.swift; sourceTree = "<group>"; };
		183925AD2B7BF02D00E606E4 /* Assets.xcassets */ = {isa = PBXFileReference; lastKnownFileType = folder.assetcatalog; path = Assets.xcassets; sourceTree = "<group>"; };
		183925B02B7BF02D00E606E4 /* Preview Assets.xcassets */ = {isa = PBXFileReference; lastKnownFileType = folder.assetcatalog; path = "Preview Assets.xcassets"; sourceTree = "<group>"; };
		183925BC2B7BF1C300E606E4 /* HomeView.swift */ = {isa = PBXFileReference; lastKnownFileType = sourcecode.swift; path = HomeView.swift; sourceTree = "<group>"; };
		183925BE2B7BF1D300E606E4 /* CategoriesView.swift */ = {isa = PBXFileReference; lastKnownFileType = sourcecode.swift; path = CategoriesView.swift; sourceTree = "<group>"; };
		183925C12B7BF1F800E606E4 /* NewRecipeView.swift */ = {isa = PBXFileReference; lastKnownFileType = sourcecode.swift; path = NewRecipeView.swift; sourceTree = "<group>"; };
		183925C32B7BF20900E606E4 /* FavoritesView.swift */ = {isa = PBXFileReference; lastKnownFileType = sourcecode.swift; path = FavoritesView.swift; sourceTree = "<group>"; };
		183925C52B7BF28600E606E4 /* SettingsView.swift */ = {isa = PBXFileReference; lastKnownFileType = sourcecode.swift; path = SettingsView.swift; sourceTree = "<group>"; };
		183925C72B7BF4B000E606E4 /* TabBar.swift */ = {isa = PBXFileReference; lastKnownFileType = sourcecode.swift; path = TabBar.swift; sourceTree = "<group>"; };
		183925CD2B7BF75900E606E4 /* RecipeModel.swift */ = {isa = PBXFileReference; lastKnownFileType = sourcecode.swift; path = RecipeModel.swift; sourceTree = "<group>"; };
		183925CF2B7C004000E606E4 /* RecipeCard.swift */ = {isa = PBXFileReference; lastKnownFileType = sourcecode.swift; path = RecipeCard.swift; sourceTree = "<group>"; };
		183925D12B7C0DA900E606E4 /* RecipeList.swift */ = {isa = PBXFileReference; lastKnownFileType = sourcecode.swift; path = RecipeList.swift; sourceTree = "<group>"; };
		183925D42B7C100E00E606E4 /* RecipeView.swift */ = {isa = PBXFileReference; lastKnownFileType = sourcecode.swift; path = RecipeView.swift; sourceTree = "<group>"; };
/* End PBXFileReference section */

/* Begin PBXFrameworksBuildPhase section */
		183925A32B7BF02700E606E4 /* Frameworks */ = {
			isa = PBXFrameworksBuildPhase;
			buildActionMask = 2147483647;
			files = (
			);
			runOnlyForDeploymentPostprocessing = 0;
		};
/* End PBXFrameworksBuildPhase section */

/* Begin PBXGroup section */
		1839259D2B7BF02700E606E4 = {
			isa = PBXGroup;
			children = (
				183925A82B7BF02700E606E4 /* RecipeSaver */,
				183925A72B7BF02700E606E4 /* Products */,
			);
			sourceTree = "<group>";
		};
		183925A72B7BF02700E606E4 /* Products */ = {
			isa = PBXGroup;
			children = (
				183925A62B7BF02700E606E4 /* RecipeSaver.app */,
			);
			name = Products;
			sourceTree = "<group>";
		};
		183925A82B7BF02700E606E4 /* RecipeSaver */ = {
			isa = PBXGroup;
			children = (
				183925CA2B7BF71900E606E4 /* ViewModels */,
				183925C92B7BF71300E606E4 /* Models */,
				183925B82B7BF15300E606E4 /* Views */,
				183925A92B7BF02700E606E4 /* RecipeSaverApp.swift */,
				183925AD2B7BF02D00E606E4 /* Assets.xcassets */,
				183925AF2B7BF02D00E606E4 /* Preview Content */,
			);
			path = RecipeSaver;
			sourceTree = "<group>";
		};
		183925AF2B7BF02D00E606E4 /* Preview Content */ = {
			isa = PBXGroup;
			children = (
				183925B02B7BF02D00E606E4 /* Preview Assets.xcassets */,
			);
			path = "Preview Content";
			sourceTree = "<group>";
		};
		183925B82B7BF15300E606E4 /* Views */ = {
			isa = PBXGroup;
			children = (
				183925BB2B7BF16A00E606E4 /* Detail */,
				183925BA2B7BF16100E606E4 /* Components */,
				183925B92B7BF15A00E606E4 /* Main */,
			);
			path = Views;
			sourceTree = "<group>";
		};
		183925B92B7BF15A00E606E4 /* Main */ = {
			isa = PBXGroup;
			children = (
				183925AB2B7BF02700E606E4 /* ContentView.swift */,
				183925BC2B7BF1C300E606E4 /* HomeView.swift */,
				183925BE2B7BF1D300E606E4 /* CategoriesView.swift */,
				183925C12B7BF1F800E606E4 /* NewRecipeView.swift */,
				183925C32B7BF20900E606E4 /* FavoritesView.swift */,
				183925C52B7BF28600E606E4 /* SettingsView.swift */,
				183925C72B7BF4B000E606E4 /* TabBar.swift */,
			);
			path = Main;
			sourceTree = "<group>";
		};
		183925BA2B7BF16100E606E4 /* Components */ = {
			isa = PBXGroup;
			children = (
				183925CF2B7C004000E606E4 /* RecipeCard.swift */,
				183925D12B7C0DA900E606E4 /* RecipeList.swift */,
			);
			path = Components;
			sourceTree = "<group>";
		};
		183925BB2B7BF16A00E606E4 /* Detail */ = {
			isa = PBXGroup;
			children = (
				183925D42B7C100E00E606E4 /* RecipeView.swift */,
			);
			path = Detail;
			sourceTree = "<group>";
		};
		183925C92B7BF71300E606E4 /* Models */ = {
			isa = PBXGroup;
			children = (
				183925CD2B7BF75900E606E4 /* RecipeModel.swift */,
			);
			path = Models;
			sourceTree = "<group>";
		};
		183925CA2B7BF71900E606E4 /* ViewModels */ = {
			isa = PBXGroup;
			children = (
			);
			path = ViewModels;
			sourceTree = "<group>";
		};
/* End PBXGroup section */

/* Begin PBXNativeTarget section */
		183925A52B7BF02700E606E4 /* RecipeSaver */ = {
			isa = PBXNativeTarget;
			buildConfigurationList = 183925B42B7BF02D00E606E4 /* Build configuration list for PBXNativeTarget "RecipeSaver" */;
			buildPhases = (
				183925A22B7BF02700E606E4 /* Sources */,
				183925A32B7BF02700E606E4 /* Frameworks */,
				183925A42B7BF02700E606E4 /* Resources */,
			);
			buildRules = (
			);
			dependencies = (
			);
			name = RecipeSaver;
			productName = RecipeSaver;
			productReference = 183925A62B7BF02700E606E4 /* RecipeSaver.app */;
			productType = "com.apple.product-type.application";
		};
/* End PBXNativeTarget section */

/* Begin PBXProject section */
		1839259E2B7BF02700E606E4 /* Project object */ = {
			isa = PBXProject;
			attributes = {
				BuildIndependentTargetsInParallel = 1;
				LastSwiftUpdateCheck = 1500;
				LastUpgradeCheck = 1500;
				TargetAttributes = {
					183925A52B7BF02700E606E4 = {
						CreatedOnToolsVersion = 15.0.1;
					};
				};
			};
			buildConfigurationList = 183925A12B7BF02700E606E4 /* Build configuration list for PBXProject "RecipeSaver" */;
			compatibilityVersion = "Xcode 14.0";
			developmentRegion = en;
			hasScannedForEncodings = 0;
			knownRegions = (
				en,
				Base,
			);
			mainGroup = 1839259D2B7BF02700E606E4;
			productRefGroup = 183925A72B7BF02700E606E4 /* Products */;
			projectDirPath = "";
			projectRoot = "";
			targets = (
				183925A52B7BF02700E606E4 /* RecipeSaver */,
			);
		};
/* End PBXProject section */

/* Begin PBXResourcesBuildPhase section */
		183925A42B7BF02700E606E4 /* Resources */ = {
			isa = PBXResourcesBuildPhase;
			buildActionMask = 2147483647;
			files = (
				183925B12B7BF02D00E606E4 /* Preview Assets.xcassets in Resources */,
				183925AE2B7BF02D00E606E4 /* Assets.xcassets in Resources */,
			);
			runOnlyForDeploymentPostprocessing = 0;
		};
/* End PBXResourcesBuildPhase section */

/* Begin PBXSourcesBuildPhase section */
		183925A22B7BF02700E606E4 /* Sources */ = {
			isa = PBXSourcesBuildPhase;
			buildActionMask = 2147483647;
			files = (
				183925C62B7BF28600E606E4 /* SettingsView.swift in Sources */,
				183925D02B7C004000E606E4 /* RecipeCard.swift in Sources */,
				183925BF2B7BF1D300E606E4 /* CategoriesView.swift in Sources */,
				183925C22B7BF1F800E606E4 /* NewRecipeView.swift in Sources */,
				183925C82B7BF4B000E606E4 /* TabBar.swift in Sources */,
				183925C42B7BF20900E606E4 /* FavoritesView.swift in Sources */,
				183925D52B7C100E00E606E4 /* RecipeView.swift in Sources */,
				183925D22B7C0DA900E606E4 /* RecipeList.swift in Sources */,
				183925BD2B7BF1C300E606E4 /* HomeView.swift in Sources */,
				183925AC2B7BF02700E606E4 /* ContentView.swift in Sources */,
				183925AA2B7BF02700E606E4 /* RecipeSaverApp.swift in Sources */,
				183925CE2B7BF75900E606E4 /* RecipeModel.swift in Sources */,
			);
			runOnlyForDeploymentPostprocessing = 0;
		};
/* End PBXSourcesBuildPhase section */

/* Begin XCBuildConfiguration section */
		183925B22B7BF02D00E606E4 /* Debug */ = {
			isa = XCBuildConfiguration;
			buildSettings = {
				ALWAYS_SEARCH_USER_PATHS = NO;
				ASSETCATALOG_COMPILER_GENERATE_SWIFT_ASSET_SYMBOL_EXTENSIONS = YES;
				CLANG_ANALYZER_NONNULL = YES;
				CLANG_ANALYZER_NUMBER_OBJECT_CONVERSION = YES_AGGRESSIVE;
				CLANG_CXX_LANGUAGE_STANDARD = "gnu++20";
				CLANG_ENABLE_MODULES = YES;
				CLANG_ENABLE_OBJC_ARC = YES;
				CLANG_ENABLE_OBJC_WEAK = YES;
				CLANG_WARN_BLOCK_CAPTURE_AUTORELEASING = YES;
				CLANG_WARN_BOOL_CONVERSION = YES;
				CLANG_WARN_COMMA = YES;
				CLANG_WARN_CONSTANT_CONVERSION = YES;
				CLANG_WARN_DEPRECATED_OBJC_IMPLEMENTATIONS = YES;
				CLANG_WARN_DIRECT_OBJC_ISA_USAGE = YES_ERROR;
				CLANG_WARN_DOCUMENTATION_COMMENTS = YES;
				CLANG_WARN_EMPTY_BODY = YES;
				CLANG_WARN_ENUM_CONVERSION = YES;
				CLANG_WARN_INFINITE_RECURSION = YES;
				CLANG_WARN_INT_CONVERSION = YES;
				CLANG_WARN_NON_LITERAL_NULL_CONVERSION = YES;
				CLANG_WARN_OBJC_IMPLICIT_RETAIN_SELF = YES;
				CLANG_WARN_OBJC_LITERAL_CONVERSION = YES;
				CLANG_WARN_OBJC_ROOT_CLASS = YES_ERROR;
				CLANG_WARN_QUOTED_INCLUDE_IN_FRAMEWORK_HEADER = YES;
				CLANG_WARN_RANGE_LOOP_ANALYSIS = YES;
				CLANG_WARN_STRICT_PROTOTYPES = YES;
				CLANG_WARN_SUSPICIOUS_MOVE = YES;
				CLANG_WARN_UNGUARDED_AVAILABILITY = YES_AGGRESSIVE;
				CLANG_WARN_UNREACHABLE_CODE = YES;
				CLANG_WARN__DUPLICATE_METHOD_MATCH = YES;
				COPY_PHASE_STRIP = NO;
				DEBUG_INFORMATION_FORMAT = dwarf;
				ENABLE_STRICT_OBJC_MSGSEND = YES;
				ENABLE_TESTABILITY = YES;
				ENABLE_USER_SCRIPT_SANDBOXING = YES;
				GCC_C_LANGUAGE_STANDARD = gnu17;
				GCC_DYNAMIC_NO_PIC = NO;
				GCC_NO_COMMON_BLOCKS = YES;
				GCC_OPTIMIZATION_LEVEL = 0;
				GCC_PREPROCESSOR_DEFINITIONS = (
					"DEBUG=1",
					"$(inherited)",
				);
				GCC_WARN_64_TO_32_BIT_CONVERSION = YES;
				GCC_WARN_ABOUT_RETURN_TYPE = YES_ERROR;
				GCC_WARN_UNDECLARED_SELECTOR = YES;
				GCC_WARN_UNINITIALIZED_AUTOS = YES_AGGRESSIVE;
				GCC_WARN_UNUSED_FUNCTION = YES;
				GCC_WARN_UNUSED_VARIABLE = YES;
				IPHONEOS_DEPLOYMENT_TARGET = 17.0;
				LOCALIZATION_PREFERS_STRING_CATALOGS = YES;
				MTL_ENABLE_DEBUG_INFO = INCLUDE_SOURCE;
				MTL_FAST_MATH = YES;
				ONLY_ACTIVE_ARCH = YES;
				SDKROOT = iphoneos;
				SWIFT_ACTIVE_COMPILATION_CONDITIONS = "DEBUG $(inherited)";
				SWIFT_OPTIMIZATION_LEVEL = "-Onone";
			};
			name = Debug;
		};
		183925B32B7BF02D00E606E4 /* Release */ = {
			isa = XCBuildConfiguration;
			buildSettings = {
				ALWAYS_SEARCH_USER_PATHS = NO;
				ASSETCATALOG_COMPILER_GENERATE_SWIFT_ASSET_SYMBOL_EXTENSIONS = YES;
				CLANG_ANALYZER_NONNULL = YES;
				CLANG_ANALYZER_NUMBER_OBJECT_CONVERSION = YES_AGGRESSIVE;
				CLANG_CXX_LANGUAGE_STANDARD = "gnu++20";
				CLANG_ENABLE_MODULES = YES;
				CLANG_ENABLE_OBJC_ARC = YES;
				CLANG_ENABLE_OBJC_WEAK = YES;
				CLANG_WARN_BLOCK_CAPTURE_AUTORELEASING = YES;
				CLANG_WARN_BOOL_CONVERSION = YES;
				CLANG_WARN_COMMA = YES;
				CLANG_WARN_CONSTANT_CONVERSION = YES;
				CLANG_WARN_DEPRECATED_OBJC_IMPLEMENTATIONS = YES;
				CLANG_WARN_DIRECT_OBJC_ISA_USAGE = YES_ERROR;
				CLANG_WARN_DOCUMENTATION_COMMENTS = YES;
				CLANG_WARN_EMPTY_BODY = YES;
				CLANG_WARN_ENUM_CONVERSION = YES;
				CLANG_WARN_INFINITE_RECURSION = YES;
				CLANG_WARN_INT_CONVERSION = YES;
				CLANG_WARN_NON_LITERAL_NULL_CONVERSION = YES;
				CLANG_WARN_OBJC_IMPLICIT_RETAIN_SELF = YES;
				CLANG_WARN_OBJC_LITERAL_CONVERSION = YES;
				CLANG_WARN_OBJC_ROOT_CLASS = YES_ERROR;
				CLANG_WARN_QUOTED_INCLUDE_IN_FRAMEWORK_HEADER = YES;
				CLANG_WARN_RANGE_LOOP_ANALYSIS = YES;
				CLANG_WARN_STRICT_PROTOTYPES = YES;
				CLANG_WARN_SUSPICIOUS_MOVE = YES;
				CLANG_WARN_UNGUARDED_AVAILABILITY = YES_AGGRESSIVE;
				CLANG_WARN_UNREACHABLE_CODE = YES;
				CLANG_WARN__DUPLICATE_METHOD_MATCH = YES;
				COPY_PHASE_STRIP = NO;
				DEBUG_INFORMATION_FORMAT = "dwarf-with-dsym";
				ENABLE_NS_ASSERTIONS = NO;
				ENABLE_STRICT_OBJC_MSGSEND = YES;
				ENABLE_USER_SCRIPT_SANDBOXING = YES;
				GCC_C_LANGUAGE_STANDARD = gnu17;
				GCC_NO_COMMON_BLOCKS = YES;
				GCC_WARN_64_TO_32_BIT_CONVERSION = YES;
				GCC_WARN_ABOUT_RETURN_TYPE = YES_ERROR;
				GCC_WARN_UNDECLARED_SELECTOR = YES;
				GCC_WARN_UNINITIALIZED_AUTOS = YES_AGGRESSIVE;
				GCC_WARN_UNUSED_FUNCTION = YES;
				GCC_WARN_UNUSED_VARIABLE = YES;
				IPHONEOS_DEPLOYMENT_TARGET = 17.0;
				LOCALIZATION_PREFERS_STRING_CATALOGS = YES;
				MTL_ENABLE_DEBUG_INFO = NO;
				MTL_FAST_MATH = YES;
				SDKROOT = iphoneos;
				SWIFT_COMPILATION_MODE = wholemodule;
				VALIDATE_PRODUCT = YES;
			};
			name = Release;
		};
		183925B52B7BF02D00E606E4 /* Debug */ = {
			isa = XCBuildConfiguration;
			buildSettings = {
				ASSETCATALOG_COMPILER_APPICON_NAME = AppIcon;
				ASSETCATALOG_COMPILER_GLOBAL_ACCENT_COLOR_NAME = AccentColor;
				CODE_SIGN_STYLE = Automatic;
				CURRENT_PROJECT_VERSION = 1;
				DEVELOPMENT_ASSET_PATHS = "\"RecipeSaver/Preview Content\"";
				ENABLE_PREVIEWS = YES;
				GENERATE_INFOPLIST_FILE = YES;
				INFOPLIST_KEY_UIApplicationSceneManifest_Generation = YES;
				INFOPLIST_KEY_UIApplicationSupportsIndirectInputEvents = YES;
				INFOPLIST_KEY_UILaunchScreen_Generation = YES;
				INFOPLIST_KEY_UISupportedInterfaceOrientations_iPad = "UIInterfaceOrientationPortrait UIInterfaceOrientationPortraitUpsideDown UIInterfaceOrientationLandscapeLeft UIInterfaceOrientationLandscapeRight";
				INFOPLIST_KEY_UISupportedInterfaceOrientations_iPhone = "UIInterfaceOrientationPortrait UIInterfaceOrientationLandscapeLeft UIInterfaceOrientationLandscapeRight";
				LD_RUNPATH_SEARCH_PATHS = (
					"$(inherited)",
					"@executable_path/Frameworks",
				);
				MARKETING_VERSION = 1.0;
				PRODUCT_BUNDLE_IDENTIFIER = helloworld.RecipeSaver;
				PRODUCT_NAME = "$(TARGET_NAME)";
				SWIFT_EMIT_LOC_STRINGS = YES;
				SWIFT_VERSION = 5.0;
				TARGETED_DEVICE_FAMILY = "1,2";
			};
			name = Debug;
		};
		183925B62B7BF02D00E606E4 /* Release */ = {
			isa = XCBuildConfiguration;
			buildSettings = {
				ASSETCATALOG_COMPILER_APPICON_NAME = AppIcon;
				ASSETCATALOG_COMPILER_GLOBAL_ACCENT_COLOR_NAME = AccentColor;
				CODE_SIGN_STYLE = Automatic;
				CURRENT_PROJECT_VERSION = 1;
				DEVELOPMENT_ASSET_PATHS = "\"RecipeSaver/Preview Content\"";
				ENABLE_PREVIEWS = YES;
				GENERATE_INFOPLIST_FILE = YES;
				INFOPLIST_KEY_UIApplicationSceneManifest_Generation = YES;
				INFOPLIST_KEY_UIApplicationSupportsIndirectInputEvents = YES;
				INFOPLIST_KEY_UILaunchScreen_Generation = YES;
				INFOPLIST_KEY_UISupportedInterfaceOrientations_iPad = "UIInterfaceOrientationPortrait UIInterfaceOrientationPortraitUpsideDown UIInterfaceOrientationLandscapeLeft UIInterfaceOrientationLandscapeRight";
				INFOPLIST_KEY_UISupportedInterfaceOrientations_iPhone = "UIInterfaceOrientationPortrait UIInterfaceOrientationLandscapeLeft UIInterfaceOrientationLandscapeRight";
				LD_RUNPATH_SEARCH_PATHS = (
					"$(inherited)",
					"@executable_path/Frameworks",
				);
				MARKETING_VERSION = 1.0;
				PRODUCT_BUNDLE_IDENTIFIER = helloworld.RecipeSaver;
				PRODUCT_NAME = "$(TARGET_NAME)";
				SWIFT_EMIT_LOC_STRINGS = YES;
				SWIFT_VERSION = 5.0;
				TARGETED_DEVICE_FAMILY = "1,2";
			};
			name = Release;
		};
/* End XCBuildConfiguration section */

/* Begin XCConfigurationList section */
		183925A12B7BF02700E606E4 /* Build configuration list for PBXProject "RecipeSaver" */ = {
			isa = XCConfigurationList;
			buildConfigurations = (
				183925B22B7BF02D00E606E4 /* Debug */,
				183925B32B7BF02D00E606E4 /* Release */,
			);
			defaultConfigurationIsVisible = 0;
			defaultConfigurationName = Release;
		};
		183925B42B7BF02D00E606E4 /* Build configuration list for PBXNativeTarget "RecipeSaver" */ = {
			isa = XCConfigurationList;
			buildConfigurations = (
				183925B52B7BF02D00E606E4 /* Debug */,
				183925B62B7BF02D00E606E4 /* Release */,
			);
			defaultConfigurationIsVisible = 0;
			defaultConfigurationName = Release;
		};
/* End XCConfigurationList section */
	};
	rootObject = 1839259E2B7BF02700E606E4 /* Project object */;
}
